{
  "version": "5",
  "specifiers": {
    "jsr:@std/assert@*": "1.0.18",
    "jsr:@std/internal@^1.0.12": "1.0.12",
    "npm:fake-indexeddb@6": "6.2.5"
  },
  "jsr": {
    "@std/assert@1.0.18": {
      "integrity": "270245e9c2c13b446286de475131dc688ca9abcd94fc5db41d43a219b34d1c78",
      "dependencies": [
        "jsr:@std/internal"
      ]
    },
    "@std/internal@1.0.12": {
      "integrity": "972a634fd5bc34b242024402972cd5143eac68d8dffaca5eaa4dba30ce17b027"
    }
  },
  "npm": {
    "fake-indexeddb@6.2.5": {
      "integrity": "sha512-CGnyrvbhPlWYMngksqrSSUT1BAVP49dZocrHuK0SvtR0D5TMs5wP0o3j7jexDJW01KSadjBp1M/71o/KR3nD1w=="
    }
  },
  "workspace": {
    "dependencies": [
      "jsr:@luca/esbuild-deno-loader@~0.11.1",
      "jsr:@std/assert@1",
      "jsr:@std/path@1",
      "npm:esbuild@0.24",
      "npm:fake-indexeddb@6"
    ],
    "members": {
      "src/auth": {
        "dependencies": [
          "jsr:@alexi/core@0.7.6",
          "jsr:@alexi/db@0.7.6",
          "jsr:@alexi/types@0.7.6"
        ]
      },
      "src/core": {
        "dependencies": [
          "jsr:@alexi/db@0.7.6",
          "jsr:@alexi/middleware@0.7.6",
          "jsr:@alexi/restframework@0.7.6",
          "jsr:@alexi/types@0.7.6",
          "jsr:@alexi/urls@0.7.6",
          "jsr:@std/path@1"
        ]
      },
      "src/create": {
        "dependencies": [
          "jsr:@alexi/core@0.7.6",
          "jsr:@alexi/types@0.7.6",
          "jsr:@std/path@1"
        ]
      },
      "src/db": {
        "dependencies": [
          "jsr:@alexi/types@0.7.6",
          "jsr:@std/assert@1"
        ]
      },
      "src/http": {
        "dependencies": [
          "jsr:@alexi/core@0.7.6",
          "jsr:@alexi/middleware@0.7.6",
          "jsr:@alexi/staticfiles@0.7.6",
          "jsr:@alexi/urls@0.7.6",
          "jsr:@alexi/views@0.7.6"
        ]
      },
      "src/middleware": {
        "dependencies": [
          "jsr:@alexi/types@0.7.6"
        ]
      },
      "src/restframework": {
        "dependencies": [
          "jsr:@alexi/db@0.7.6",
          "jsr:@alexi/urls@0.7.6",
          "jsr:@std/assert@1"
        ]
      },
      "src/staticfiles": {
        "dependencies": [
          "jsr:@alexi/core@0.7.6",
          "jsr:@alexi/types@0.7.6",
          "jsr:@luca/esbuild-deno-loader@~0.11.1",
          "jsr:@std/path@1",
          "npm:esbuild@0.24"
        ]
      },
      "src/urls": {
        "dependencies": [
          "jsr:@std/assert@1"
        ]
      },
      "src/views": {
        "dependencies": [
          "jsr:@alexi/types@0.7.6"
        ]
      },
      "src/web": {
        "dependencies": [
          "jsr:@alexi/core@0.7.6",
          "jsr:@alexi/db@0.7.6",
          "jsr:@alexi/types@0.7.6",
          "jsr:@alexi/urls@0.7.6"
        ]
      },
      "src/webui": {
        "dependencies": [
          "jsr:@alexi/core@0.7.6",
          "jsr:@alexi/types@0.7.6"
        ]
      }
    }
  }
}
